
Microsoft Visual Studio Solution File, Format Version 10.00
# Visual Studio 2008
Project("{FAE04EC0-301F-11D3-BF4B-00C04F79EFBC}") = "Fluid Trade Library", "..\Fluid Trade Library\Fluid Trade Library.csproj", "{734051D9-B2A3-44E9-A88B-7B4FDB90109F}"
EndProject
Project("{FAE04EC0-301F-11D3-BF4B-00C04F79EFBC}") = "Fluid Trade Windows", "..\Fluid Trade Windows\Fluid Trade Windows.csproj", "{96E46257-35EE-4466-AD52-B4DDFB2F81D4}"
EndProject
Project("{FAE04EC0-301F-11D3-BF4B-00C04F79EFBC}") = "Client Data Model", "..\Guardian\Client Data Model\Client Data Model.csproj", "{B42CF522-8BF7-41E6-A80A-B694670FC9A3}"
EndProject
Project("{FAE04EC0-301F-11D3-BF4B-00C04F79EFBC}") = "Guardian Library", "..\Guardian\Guardian Library\Guardian Library.csproj", "{EFBD8C4F-D582-456F-92B2-40839952F0C4}"
EndProject
Project("{FAE04EC0-301F-11D3-BF4B-00C04F79EFBC}") = "Message Library", "..\Message Library\Message Library.csproj", "{D91752CC-EFBA-4E86-9F71-576499101E02}"
EndProject
Project("{FAE04EC0-301F-11D3-BF4B-00C04F79EFBC}") = "Guardian Windows", "..\Guardian\Guardian Windows\Guardian Windows.csproj", "{2ADC9A25-845D-4E7C-9E0C-6A006809125F}"
EndProject
Project("{FAE04EC0-301F-11D3-BF4B-00C04F79EFBC}") = "Client Trading Support", "..\Guardian\Client Trading Support\Client Trading Support.csproj", "{E4DCC322-91C6-4515-9D19-FF7181563F52}"
EndProject
Project("{2150E333-8FDC-42A3-9474-1A3956D46DE8}") = "Solution Items", "Solution Items", "{6708B122-8AD6-4585-B2F3-BC8B6A0C3819}"
	ProjectSection(SolutionItems) = preProject
		Setup\Alternate Debt Working Order.xaml = Setup\Alternate Debt Working Order.xaml
		Setup\Classic Debt Working Order.xaml = Setup\Classic Debt Working Order.xaml
		Setup\Consumer Trust.xlsx = Setup\Consumer Trust.xlsx
		Setup\Copy Data.ps1 = Setup\Copy Data.ps1
		Setup\Debt Working Order.xaml = Setup\Debt Working Order.xaml
		Setup\FluidTrade.FluidTradeUtilities.exe.config = Setup\FluidTrade.FluidTradeUtilities.exe.config
		Setup\Generate Client Trading Support.ps1 = Setup\Generate Client Trading Support.ps1
		Setup\Ingrid Yeoh Orders.xml = Setup\Ingrid Yeoh Orders.xml
		Setup\Kai Hitori Orders.xml = Setup\Kai Hitori Orders.xml
		Setup\Karen Holden Orders.xml = Setup\Karen Holden Orders.xml
		Setup\Sign.ps1 = Setup\Sign.ps1
		Setup\Verify Off.ps1 = Setup\Verify Off.ps1
	EndProjectSection
EndProject
Project("{FAE04EC0-301F-11D3-BF4B-00C04F79EFBC}") = "Guardian Utilities", "..\Guardian\Guardian Utilities\Guardian Utilities.csproj", "{B9AFB556-17B3-49F5-A617-D45EE43D57B6}"
EndProject
Project("{54435603-DBB4-11D2-8724-00A0C9A8B90C}") = "Setup", "Setup\Setup.vdproj", "{2695390C-841F-4A9B-A855-A60C737A7B60}"
EndProject
Project("{FAE04EC0-301F-11D3-BF4B-00C04F79EFBC}") = "Reporting", "..\Guardian\Reporting\Reporting.csproj", "{BA7FB53D-CC17-4B26-A242-8F169B807C71}"
EndProject
Global
	GlobalSection(TeamFoundationVersionControl) = preSolution
		SccNumberOfProjects = 10
		SccEnterpriseProvider = {4CA58AB2-18FA-4F8D-95D4-32DDF27D184C}
		SccTeamFoundationServer = http://titania.fluidtrade.com:8080/
		SccProjectUniqueName0 = ..\\Fluid\u0020Trade\u0020Library\\Fluid\u0020Trade\u0020Library.csproj
		SccProjectName0 = ../Fluid\u0020Trade\u0020Library
		SccAuxPath0 = http://titania.fluidtrade.com:8080
		SccLocalPath0 = ..\\Fluid\u0020Trade\u0020Library
		SccProvider0 = {4CA58AB2-18FA-4F8D-95D4-32DDF27D184C}
		SccProjectUniqueName1 = ..\\Fluid\u0020Trade\u0020Windows\\Fluid\u0020Trade\u0020Windows.csproj
		SccProjectName1 = ../Fluid\u0020Trade\u0020Windows
		SccAuxPath1 = http://titania.fluidtrade.com:8080
		SccLocalPath1 = ..\\Fluid\u0020Trade\u0020Windows
		SccProvider1 = {4CA58AB2-18FA-4F8D-95D4-32DDF27D184C}
		SccProjectUniqueName2 = ..\\Guardian\\Client\u0020Data\u0020Model\\Client\u0020Data\u0020Model.csproj
		SccProjectName2 = ../Guardian/Client\u0020Data\u0020Model
		SccAuxPath2 = http://titania.fluidtrade.com:8080
		SccLocalPath2 = ..\\Guardian\\Client\u0020Data\u0020Model
		SccProvider2 = {4CA58AB2-18FA-4F8D-95D4-32DDF27D184C}
		SccProjectUniqueName3 = ..\\Guardian\\Guardian\u0020Library\\Guardian\u0020Library.csproj
		SccProjectName3 = ../Guardian/Guardian\u0020Library
		SccAuxPath3 = http://titania.fluidtrade.com:8080
		SccLocalPath3 = ..\\Guardian\\Guardian\u0020Library
		SccProvider3 = {4CA58AB2-18FA-4F8D-95D4-32DDF27D184C}
		SccProjectUniqueName4 = ..\\Message\u0020Library\\Message\u0020Library.csproj
		SccProjectName4 = ../Message\u0020Library
		SccAuxPath4 = http://titania.fluidtrade.com:8080
		SccLocalPath4 = ..\\Message\u0020Library
		SccProvider4 = {4CA58AB2-18FA-4F8D-95D4-32DDF27D184C}
		SccProjectUniqueName5 = ..\\Guardian\\Guardian\u0020Windows\\Guardian\u0020Windows.csproj
		SccProjectName5 = ../Guardian/Guardian\u0020Windows
		SccAuxPath5 = http://titania.fluidtrade.com:8080
		SccLocalPath5 = ..\\Guardian\\Guardian\u0020Windows
		SccProvider5 = {4CA58AB2-18FA-4F8D-95D4-32DDF27D184C}
		SccProjectUniqueName6 = ..\\Guardian\\Client\u0020Trading\u0020Support\\Client\u0020Trading\u0020Support.csproj
		SccProjectName6 = ../Guardian/Client\u0020Trading\u0020Support
		SccAuxPath6 = http://titania.fluidtrade.com:8080
		SccLocalPath6 = ..\\Guardian\\Client\u0020Trading\u0020Support
		SccProvider6 = {4CA58AB2-18FA-4F8D-95D4-32DDF27D184C}
		SccProjectUniqueName7 = ..\\Guardian\\Guardian\u0020Utilities\\Guardian\u0020Utilities.csproj
		SccProjectName7 = ../Guardian/Guardian\u0020Utilities
		SccAuxPath7 = http://titania.fluidtrade.com:8080
		SccLocalPath7 = ..\\Guardian\\Guardian\u0020Utilities
		SccProvider7 = {4CA58AB2-18FA-4F8D-95D4-32DDF27D184C}
		SccProjectUniqueName8 = Setup\\Setup.vdproj
		SccProjectName8 = Setup
		SccAuxPath8 = http://titania.fluidtrade.com:8080
		SccLocalPath8 = Setup
		SccProvider8 = {4CA58AB2-18FA-4F8D-95D4-32DDF27D184C}
		SccProjectUniqueName9 = ..\\Guardian\\Reporting\\Reporting.csproj
		SccProjectName9 = ../Guardian/Reporting
		SccAuxPath9 = http://titania.fluidtrade.com:8080
		SccLocalPath9 = ..\\Guardian\\Reporting
		SccProvider9 = {4CA58AB2-18FA-4F8D-95D4-32DDF27D184C}
	EndGlobalSection
	GlobalSection(SolutionConfigurationPlatforms) = preSolution
		Debug|Any CPU = Debug|Any CPU
		Debug|x64 = Debug|x64
		Debug|x86 = Debug|x86
		Release|Any CPU = Release|Any CPU
		Release|x64 = Release|x64
		Release|x86 = Release|x86
	EndGlobalSection
	GlobalSection(ProjectConfigurationPlatforms) = postSolution
		{734051D9-B2A3-44E9-A88B-7B4FDB90109F}.Debug|Any CPU.ActiveCfg = Debug|Any CPU
		{734051D9-B2A3-44E9-A88B-7B4FDB90109F}.Debug|Any CPU.Build.0 = Debug|Any CPU
		{734051D9-B2A3-44E9-A88B-7B4FDB90109F}.Debug|x64.ActiveCfg = Debug|x64
		{734051D9-B2A3-44E9-A88B-7B4FDB90109F}.Debug|x64.Build.0 = Debug|x64
		{734051D9-B2A3-44E9-A88B-7B4FDB90109F}.Debug|x86.ActiveCfg = Debug|x86
		{734051D9-B2A3-44E9-A88B-7B4FDB90109F}.Debug|x86.Build.0 = Debug|x86
		{734051D9-B2A3-44E9-A88B-7B4FDB90109F}.Release|Any CPU.ActiveCfg = Release|Any CPU
		{734051D9-B2A3-44E9-A88B-7B4FDB90109F}.Release|Any CPU.Build.0 = Release|Any CPU
		{734051D9-B2A3-44E9-A88B-7B4FDB90109F}.Release|x64.ActiveCfg = Release|x64
		{734051D9-B2A3-44E9-A88B-7B4FDB90109F}.Release|x64.Build.0 = Release|x64
		{734051D9-B2A3-44E9-A88B-7B4FDB90109F}.Release|x86.ActiveCfg = Release|x86
		{734051D9-B2A3-44E9-A88B-7B4FDB90109F}.Release|x86.Build.0 = Release|x86
		{96E46257-35EE-4466-AD52-B4DDFB2F81D4}.Debug|Any CPU.ActiveCfg = Debug|Any CPU
		{96E46257-35EE-4466-AD52-B4DDFB2F81D4}.Debug|Any CPU.Build.0 = Debug|Any CPU
		{96E46257-35EE-4466-AD52-B4DDFB2F81D4}.Debug|x64.ActiveCfg = Debug|x64
		{96E46257-35EE-4466-AD52-B4DDFB2F81D4}.Debug|x64.Build.0 = Debug|x64
		{96E46257-35EE-4466-AD52-B4DDFB2F81D4}.Debug|x86.ActiveCfg = Debug|x86
		{96E46257-35EE-4466-AD52-B4DDFB2F81D4}.Debug|x86.Build.0 = Debug|x86
		{96E46257-35EE-4466-AD52-B4DDFB2F81D4}.Release|Any CPU.ActiveCfg = Release|Any CPU
		{96E46257-35EE-4466-AD52-B4DDFB2F81D4}.Release|Any CPU.Build.0 = Release|Any CPU
		{96E46257-35EE-4466-AD52-B4DDFB2F81D4}.Release|x64.ActiveCfg = Release|x64
		{96E46257-35EE-4466-AD52-B4DDFB2F81D4}.Release|x64.Build.0 = Release|x64
		{96E46257-35EE-4466-AD52-B4DDFB2F81D4}.Release|x86.ActiveCfg = Release|x86
		{96E46257-35EE-4466-AD52-B4DDFB2F81D4}.Release|x86.Build.0 = Release|x86
		{B42CF522-8BF7-41E6-A80A-B694670FC9A3}.Debug|Any CPU.ActiveCfg = Debug|Any CPU
		{B42CF522-8BF7-41E6-A80A-B694670FC9A3}.Debug|Any CPU.Build.0 = Debug|Any CPU
		{B42CF522-8BF7-41E6-A80A-B694670FC9A3}.Debug|x64.ActiveCfg = Debug|x64
		{B42CF522-8BF7-41E6-A80A-B694670FC9A3}.Debug|x64.Build.0 = Debug|x64
		{B42CF522-8BF7-41E6-A80A-B694670FC9A3}.Debug|x86.ActiveCfg = Debug|x86
		{B42CF522-8BF7-41E6-A80A-B694670FC9A3}.Debug|x86.Build.0 = Debug|x86
		{B42CF522-8BF7-41E6-A80A-B694670FC9A3}.Release|Any CPU.ActiveCfg = Release|Any CPU
		{B42CF522-8BF7-41E6-A80A-B694670FC9A3}.Release|Any CPU.Build.0 = Release|Any CPU
		{B42CF522-8BF7-41E6-A80A-B694670FC9A3}.Release|x64.ActiveCfg = Release|x64
		{B42CF522-8BF7-41E6-A80A-B694670FC9A3}.Release|x64.Build.0 = Release|x64
		{B42CF522-8BF7-41E6-A80A-B694670FC9A3}.Release|x86.ActiveCfg = Release|x86
		{B42CF522-8BF7-41E6-A80A-B694670FC9A3}.Release|x86.Build.0 = Release|x86
		{EFBD8C4F-D582-456F-92B2-40839952F0C4}.Debug|Any CPU.ActiveCfg = Debug|Any CPU
		{EFBD8C4F-D582-456F-92B2-40839952F0C4}.Debug|Any CPU.Build.0 = Debug|Any CPU
		{EFBD8C4F-D582-456F-92B2-40839952F0C4}.Debug|x64.ActiveCfg = Debug|x64
		{EFBD8C4F-D582-456F-92B2-40839952F0C4}.Debug|x64.Build.0 = Debug|x64
		{EFBD8C4F-D582-456F-92B2-40839952F0C4}.Debug|x86.ActiveCfg = Debug|x86
		{EFBD8C4F-D582-456F-92B2-40839952F0C4}.Debug|x86.Build.0 = Debug|x86
		{EFBD8C4F-D582-456F-92B2-40839952F0C4}.Release|Any CPU.ActiveCfg = Release|Any CPU
		{EFBD8C4F-D582-456F-92B2-40839952F0C4}.Release|Any CPU.Build.0 = Release|Any CPU
		{EFBD8C4F-D582-456F-92B2-40839952F0C4}.Release|x64.ActiveCfg = Release|x64
		{EFBD8C4F-D582-456F-92B2-40839952F0C4}.Release|x64.Build.0 = Release|x64
		{EFBD8C4F-D582-456F-92B2-40839952F0C4}.Release|x86.ActiveCfg = Release|x86
		{EFBD8C4F-D582-456F-92B2-40839952F0C4}.Release|x86.Build.0 = Release|x86
		{D91752CC-EFBA-4E86-9F71-576499101E02}.Debug|Any CPU.ActiveCfg = Debug|Any CPU
		{D91752CC-EFBA-4E86-9F71-576499101E02}.Debug|Any CPU.Build.0 = Debug|Any CPU
		{D91752CC-EFBA-4E86-9F71-576499101E02}.Debug|x64.ActiveCfg = Debug|x64
		{D91752CC-EFBA-4E86-9F71-576499101E02}.Debug|x64.Build.0 = Debug|x64
		{D91752CC-EFBA-4E86-9F71-576499101E02}.Debug|x86.ActiveCfg = Debug|x86
		{D91752CC-EFBA-4E86-9F71-576499101E02}.Debug|x86.Build.0 = Debug|x86
		{D91752CC-EFBA-4E86-9F71-576499101E02}.Release|Any CPU.ActiveCfg = Release|Any CPU
		{D91752CC-EFBA-4E86-9F71-576499101E02}.Release|Any CPU.Build.0 = Release|Any CPU
		{D91752CC-EFBA-4E86-9F71-576499101E02}.Release|x64.ActiveCfg = Release|x64
		{D91752CC-EFBA-4E86-9F71-576499101E02}.Release|x64.Build.0 = Release|x64
		{D91752CC-EFBA-4E86-9F71-576499101E02}.Release|x86.ActiveCfg = Release|x86
		{D91752CC-EFBA-4E86-9F71-576499101E02}.Release|x86.Build.0 = Release|x86
		{2ADC9A25-845D-4E7C-9E0C-6A006809125F}.Debug|Any CPU.ActiveCfg = Debug|Any CPU
		{2ADC9A25-845D-4E7C-9E0C-6A006809125F}.Debug|Any CPU.Build.0 = Debug|Any CPU
		{2ADC9A25-845D-4E7C-9E0C-6A006809125F}.Debug|x64.ActiveCfg = Debug|x64
		{2ADC9A25-845D-4E7C-9E0C-6A006809125F}.Debug|x64.Build.0 = Debug|x64
		{2ADC9A25-845D-4E7C-9E0C-6A006809125F}.Debug|x86.ActiveCfg = Debug|x86
		{2ADC9A25-845D-4E7C-9E0C-6A006809125F}.Debug|x86.Build.0 = Debug|x86
		{2ADC9A25-845D-4E7C-9E0C-6A006809125F}.Release|Any CPU.ActiveCfg = Release|Any CPU
		{2ADC9A25-845D-4E7C-9E0C-6A006809125F}.Release|Any CPU.Build.0 = Release|Any CPU
		{2ADC9A25-845D-4E7C-9E0C-6A006809125F}.Release|x64.ActiveCfg = Release|x64
		{2ADC9A25-845D-4E7C-9E0C-6A006809125F}.Release|x64.Build.0 = Release|x64
		{2ADC9A25-845D-4E7C-9E0C-6A006809125F}.Release|x86.ActiveCfg = Release|x86
		{2ADC9A25-845D-4E7C-9E0C-6A006809125F}.Release|x86.Build.0 = Release|x86
		{E4DCC322-91C6-4515-9D19-FF7181563F52}.Debug|Any CPU.ActiveCfg = Debug|Any CPU
		{E4DCC322-91C6-4515-9D19-FF7181563F52}.Debug|Any CPU.Build.0 = Debug|Any CPU
		{E4DCC322-91C6-4515-9D19-FF7181563F52}.Debug|x64.ActiveCfg = Debug|x64
		{E4DCC322-91C6-4515-9D19-FF7181563F52}.Debug|x64.Build.0 = Debug|x64
		{E4DCC322-91C6-4515-9D19-FF7181563F52}.Debug|x86.ActiveCfg = Debug|x86
		{E4DCC322-91C6-4515-9D19-FF7181563F52}.Debug|x86.Build.0 = Debug|x86
		{E4DCC322-91C6-4515-9D19-FF7181563F52}.Release|Any CPU.ActiveCfg = Release|Any CPU
		{E4DCC322-91C6-4515-9D19-FF7181563F52}.Release|Any CPU.Build.0 = Release|Any CPU
		{E4DCC322-91C6-4515-9D19-FF7181563F52}.Release|x64.ActiveCfg = Release|x64
		{E4DCC322-91C6-4515-9D19-FF7181563F52}.Release|x64.Build.0 = Release|x64
		{E4DCC322-91C6-4515-9D19-FF7181563F52}.Release|x86.ActiveCfg = Release|x86
		{E4DCC322-91C6-4515-9D19-FF7181563F52}.Release|x86.Build.0 = Release|x86
		{B9AFB556-17B3-49F5-A617-D45EE43D57B6}.Debug|Any CPU.ActiveCfg = Debug|Any CPU
		{B9AFB556-17B3-49F5-A617-D45EE43D57B6}.Debug|Any CPU.Build.0 = Debug|Any CPU
		{B9AFB556-17B3-49F5-A617-D45EE43D57B6}.Debug|x64.ActiveCfg = Debug|x64
		{B9AFB556-17B3-49F5-A617-D45EE43D57B6}.Debug|x64.Build.0 = Debug|x64
		{B9AFB556-17B3-49F5-A617-D45EE43D57B6}.Debug|x86.ActiveCfg = Debug|x86
		{B9AFB556-17B3-49F5-A617-D45EE43D57B6}.Debug|x86.Build.0 = Debug|x86
		{B9AFB556-17B3-49F5-A617-D45EE43D57B6}.Release|Any CPU.ActiveCfg = Release|Any CPU
		{B9AFB556-17B3-49F5-A617-D45EE43D57B6}.Release|Any CPU.Build.0 = Release|Any CPU
		{B9AFB556-17B3-49F5-A617-D45EE43D57B6}.Release|x64.ActiveCfg = Release|x64
		{B9AFB556-17B3-49F5-A617-D45EE43D57B6}.Release|x64.Build.0 = Release|x64
		{B9AFB556-17B3-49F5-A617-D45EE43D57B6}.Release|x86.ActiveCfg = Release|x86
		{B9AFB556-17B3-49F5-A617-D45EE43D57B6}.Release|x86.Build.0 = Release|x86
		{2695390C-841F-4A9B-A855-A60C737A7B60}.Debug|Any CPU.ActiveCfg = Debug
		{2695390C-841F-4A9B-A855-A60C737A7B60}.Debug|Any CPU.Build.0 = Debug
		{2695390C-841F-4A9B-A855-A60C737A7B60}.Debug|x64.ActiveCfg = Debug
		{2695390C-841F-4A9B-A855-A60C737A7B60}.Debug|x64.Build.0 = Debug
		{2695390C-841F-4A9B-A855-A60C737A7B60}.Debug|x86.ActiveCfg = Debug
		{2695390C-841F-4A9B-A855-A60C737A7B60}.Debug|x86.Build.0 = Debug
		{2695390C-841F-4A9B-A855-A60C737A7B60}.Release|Any CPU.ActiveCfg = Release
		{2695390C-841F-4A9B-A855-A60C737A7B60}.Release|Any CPU.Build.0 = Release
		{2695390C-841F-4A9B-A855-A60C737A7B60}.Release|x64.ActiveCfg = Release
		{2695390C-841F-4A9B-A855-A60C737A7B60}.Release|x64.Build.0 = Release
		{2695390C-841F-4A9B-A855-A60C737A7B60}.Release|x86.ActiveCfg = Release
		{2695390C-841F-4A9B-A855-A60C737A7B60}.Release|x86.Build.0 = Release
		{BA7FB53D-CC17-4B26-A242-8F169B807C71}.Debug|Any CPU.ActiveCfg = Debug|Any CPU
		{BA7FB53D-CC17-4B26-A242-8F169B807C71}.Debug|Any CPU.Build.0 = Debug|Any CPU
		{BA7FB53D-CC17-4B26-A242-8F169B807C71}.Debug|x64.ActiveCfg = Debug|x86
		{BA7FB53D-CC17-4B26-A242-8F169B807C71}.Debug|x86.ActiveCfg = Debug|x86
		{BA7FB53D-CC17-4B26-A242-8F169B807C71}.Debug|x86.Build.0 = Debug|x86
		{BA7FB53D-CC17-4B26-A242-8F169B807C71}.Release|Any CPU.ActiveCfg = Release|Any CPU
		{BA7FB53D-CC17-4B26-A242-8F169B807C71}.Release|Any CPU.Build.0 = Release|Any CPU
		{BA7FB53D-CC17-4B26-A242-8F169B807C71}.Release|x64.ActiveCfg = Release|x86
		{BA7FB53D-CC17-4B26-A242-8F169B807C71}.Release|x86.ActiveCfg = Release|x86
		{BA7FB53D-CC17-4B26-A242-8F169B807C71}.Release|x86.Build.0 = Release|x86
	EndGlobalSection
	GlobalSection(SolutionProperties) = preSolution
		HideSolutionNode = FALSE
	EndGlobalSection
EndGlobal
