
Microsoft Visual Studio Solution File, Format Version 10.00
# Visual Studio 2008
Project("{FAE04EC0-301F-11D3-BF4B-00C04F79EFBC}") = "Consumer Debt Data", "Consumer Debt Data.csproj", "{96C36787-65DD-4BC2-A09F-0291C1041CA4}"
EndProject
Project("{54435603-DBB4-11D2-8724-00A0C9A8B90C}") = "Setup", "Setup\Setup.vdproj", "{2D7A7C8D-A415-4C12-95DB-FF10DCC2C0D3}"
EndProject
Project("{2150E333-8FDC-42A3-9474-1A3956D46DE8}") = "Solution Items", "Solution Items", "{C7D42EC5-3399-4939-8F7C-726B20A0187D}"
	ProjectSection(SolutionItems) = preProject
		nobugzallowd.ico = nobugzallowd.ico
	EndProjectSection
EndProject
Global
	GlobalSection(TeamFoundationVersionControl) = preSolution
		SccNumberOfProjects = 3
		SccEnterpriseProvider = {4CA58AB2-18FA-4F8D-95D4-32DDF27D184C}
		SccTeamFoundationServer = http://titania.fluidtrade.com:8080/
		SccLocalPath0 = .
		SccProjectUniqueName1 = Setup\\Setup.vdproj
		SccProjectName1 = Setup
		SccLocalPath1 = Setup
		SccProjectUniqueName2 = Consumer\u0020Debt\u0020Data.csproj
		SccLocalPath2 = .
	EndGlobalSection
	GlobalSection(SolutionConfigurationPlatforms) = preSolution
		Debug|Any CPU = Debug|Any CPU
		Debug|x64 = Debug|x64
		Debug|x86 = Debug|x86
		Release|Any CPU = Release|Any CPU
		Release|x64 = Release|x64
		Release|x86 = Release|x86
	EndGlobalSection
	GlobalSection(ProjectConfigurationPlatforms) = postSolution
		{96C36787-65DD-4BC2-A09F-0291C1041CA4}.Debug|Any CPU.ActiveCfg = Debug|Any CPU
		{96C36787-65DD-4BC2-A09F-0291C1041CA4}.Debug|Any CPU.Build.0 = Debug|Any CPU
		{96C36787-65DD-4BC2-A09F-0291C1041CA4}.Debug|x64.ActiveCfg = Debug|x64
		{96C36787-65DD-4BC2-A09F-0291C1041CA4}.Debug|x64.Build.0 = Debug|x64
		{96C36787-65DD-4BC2-A09F-0291C1041CA4}.Debug|x86.ActiveCfg = Debug|x86
		{96C36787-65DD-4BC2-A09F-0291C1041CA4}.Debug|x86.Build.0 = Debug|x86
		{96C36787-65DD-4BC2-A09F-0291C1041CA4}.Release|Any CPU.ActiveCfg = Release|Any CPU
		{96C36787-65DD-4BC2-A09F-0291C1041CA4}.Release|Any CPU.Build.0 = Release|Any CPU
		{96C36787-65DD-4BC2-A09F-0291C1041CA4}.Release|x64.ActiveCfg = Release|x64
		{96C36787-65DD-4BC2-A09F-0291C1041CA4}.Release|x64.Build.0 = Release|x64
		{96C36787-65DD-4BC2-A09F-0291C1041CA4}.Release|x86.ActiveCfg = Release|x86
		{96C36787-65DD-4BC2-A09F-0291C1041CA4}.Release|x86.Build.0 = Release|x86
		{2D7A7C8D-A415-4C12-95DB-FF10DCC2C0D3}.Debug|Any CPU.ActiveCfg = Debug
		{2D7A7C8D-A415-4C12-95DB-FF10DCC2C0D3}.Debug|x64.ActiveCfg = Debug
		{2D7A7C8D-A415-4C12-95DB-FF10DCC2C0D3}.Debug|x86.ActiveCfg = Debug
		{2D7A7C8D-A415-4C12-95DB-FF10DCC2C0D3}.Release|Any CPU.ActiveCfg = Release
		{2D7A7C8D-A415-4C12-95DB-FF10DCC2C0D3}.Release|x64.ActiveCfg = Release
		{2D7A7C8D-A415-4C12-95DB-FF10DCC2C0D3}.Release|x86.ActiveCfg = Release
	EndGlobalSection
	GlobalSection(SolutionProperties) = preSolution
		HideSolutionNode = FALSE
	EndGlobalSection
EndGlobal
