Microsoft Visual Studio Solution File, Format Version 10.00
# Visual Studio 2008
Project("{2150E333-8FDC-42A3-9474-1A3956D46DE8}") = "Solution Items", "Solution Items", "{236EA3F5-C14E-4F12-B866-F6E5A4338FEC}"
	ProjectSection(SolutionItems) = preProject
		Setup\Client Generator.reg = Setup\Client Generator.reg
		Setup\Fluid Trade Banner.bmp = Setup\Fluid Trade Banner.bmp
		Setup\Fluid Trade.ico = Setup\Fluid Trade.ico
		Setup\Middle Tier Generator.reg = Setup\Middle Tier Generator.reg
		Setup\Presentation Generator.reg = Setup\Presentation Generator.reg
		SetAssemblyVersion.ps1 = SetAssemblyVersion.ps1
		Setup\Sign.ps1 = Setup\Sign.ps1
		Setup\Verify Off.ps1 = Setup\Verify Off.ps1
	EndProjectSection
EndProject
Project("{FAE04EC0-301F-11D3-BF4B-00C04F79EFBC}") = "Data Model Schema", "..\Data Model Schema\Data Model Schema.csproj", "{11AD479E-B83C-4611-AA96-0AF71289119D}"
EndProject
Project("{FAE04EC0-301F-11D3-BF4B-00C04F79EFBC}") = "Client Compiler", "..\Client Compiler\Client Compiler.csproj", "{802A4EA9-104F-4A13-9FE9-35BF76A7CC7F}"
EndProject
Project("{FAE04EC0-301F-11D3-BF4B-00C04F79EFBC}") = "Client Generator", "..\Client Generator\Client Generator.csproj", "{D798EBF4-2086-4DDD-BB30-EFDEF3BBF0C2}"
EndProject
Project("{FAE04EC0-301F-11D3-BF4B-00C04F79EFBC}") = "Middle Tier Compiler", "..\Middle Tier Compiler\Middle Tier Compiler.csproj", "{94C76290-F15D-4DD5-9651-6EEC2A896D1C}"
EndProject
Project("{FAE04EC0-301F-11D3-BF4B-00C04F79EFBC}") = "Middle Tier Generator", "..\Middle Tier Generator\Middle Tier Generator.csproj", "{A930A413-04BB-4AB2-AB39-B44633335CBE}"
EndProject
Project("{FAE04EC0-301F-11D3-BF4B-00C04F79EFBC}") = "Fluid Trade Library", "..\Fluid Trade Library\Fluid Trade Library.csproj", "{734051D9-B2A3-44E9-A88B-7B4FDB90109F}"
EndProject
Project("{FAE04EC0-301F-11D3-BF4B-00C04F79EFBC}") = "Database Generator", "..\Database Generator\Database Generator.csproj", "{C83797E1-A4D2-486B-B12D-A39FFE8C8031}"
EndProject
Project("{FAE04EC0-301F-11D3-BF4B-00C04F79EFBC}") = "Code Generator", "..\Code Generator\Code Generator.csproj", "{D0267087-ADD8-41B8-A030-215D40A68FE5}"
EndProject
Project("{FAE04EC0-301F-11D3-BF4B-00C04F79EFBC}") = "Presentation Compiler", "..\Presentation Compiler\Presentation Compiler.csproj", "{E7327D77-02F9-4007-87C3-42A55AD2E8BD}"
EndProject
Project("{FAE04EC0-301F-11D3-BF4B-00C04F79EFBC}") = "Presentation Generator", "..\Presentation Generator\Presentation Generator.csproj", "{205F52C4-289A-41FB-94BB-53FD6A2F5B0A}"
EndProject
Project("{FAE04EC0-301F-11D3-BF4B-00C04F79EFBC}") = "Schema Scrubber", "..\Schema Scrubber\Schema Scrubber.csproj", "{E8A47D4C-7B54-475B-A9FF-8FE1BCFBC261}"
EndProject
Project("{54435603-DBB4-11D2-8724-00A0C9A8B90C}") = "Setup", "Setup\Setup Code Generators.vdproj", "{9B061E6A-4690-417A-95D2-7242125DC16E}"
EndProject
Project("{FAE04EC0-301F-11D3-BF4B-00C04F79EFBC}") = "Guardian Library", "..\Guardian\Guardian Library\Guardian Library.csproj", "{EFBD8C4F-D582-456F-92B2-40839952F0C4}"
EndProject
Project("{FAE04EC0-301F-11D3-BF4B-00C04F79EFBC}") = "Message Library", "..\Message Library\Message Library.csproj", "{D91752CC-EFBA-4E86-9F71-576499101E02}"
EndProject
Global
	GlobalSection(TeamFoundationVersionControl) = preSolution
		SccNumberOfProjects = 15
		SccEnterpriseProvider = {4CA58AB2-18FA-4F8D-95D4-32DDF27D184C}
		SccTeamFoundationServer = http://titania.fluidtrade.com:8080/
		SccLocalPath0 = .
		SccProjectUniqueName1 = Setup\\Setup\u0020Code\u0020Generators.vdproj
		SccProjectName1 = Setup
		SccLocalPath1 = Setup
		SccProjectUniqueName2 = ..\\Data\u0020Model\u0020Schema\\Data\u0020Model\u0020Schema.csproj
		SccProjectName2 = ../Data\u0020Model\u0020Schema
		SccLocalPath2 = ..\\Data\u0020Model\u0020Schema
		SccProjectUniqueName3 = ..\\Client\u0020Compiler\\Client\u0020Compiler.csproj
		SccProjectName3 = ../Client\u0020Compiler
		SccLocalPath3 = ..\\Client\u0020Compiler
		SccProjectUniqueName4 = ..\\Client\u0020Generator\\Client\u0020Generator.csproj
		SccProjectName4 = ../Client\u0020Generator
		SccLocalPath4 = ..\\Client\u0020Generator
		SccProjectUniqueName5 = ..\\Middle\u0020Tier\u0020Compiler\\Middle\u0020Tier\u0020Compiler.csproj
		SccProjectName5 = ../Middle\u0020Tier\u0020Compiler
		SccLocalPath5 = ..\\Middle\u0020Tier\u0020Compiler
		SccProjectUniqueName6 = ..\\Middle\u0020Tier\u0020Generator\\Middle\u0020Tier\u0020Generator.csproj
		SccProjectName6 = ../Middle\u0020Tier\u0020Generator
		SccLocalPath6 = ..\\Middle\u0020Tier\u0020Generator
		SccProjectUniqueName7 = ..\\Fluid\u0020Trade\u0020Library\\Fluid\u0020Trade\u0020Library.csproj
		SccProjectName7 = ../Fluid\u0020Trade\u0020Library
		SccLocalPath7 = ..\\Fluid\u0020Trade\u0020Library
		SccProjectUniqueName8 = ..\\Database\u0020Generator\\Database\u0020Generator.csproj
		SccProjectName8 = ../Database\u0020Generator
		SccLocalPath8 = ..\\Database\u0020Generator
		SccProjectUniqueName9 = ..\\Code\u0020Generator\\Code\u0020Generator.csproj
		SccProjectName9 = ../Code\u0020Generator
		SccLocalPath9 = ..\\Code\u0020Generator
		SccProjectUniqueName10 = ..\\Presentation\u0020Compiler\\Presentation\u0020Compiler.csproj
		SccProjectName10 = ../Presentation\u0020Compiler
		SccLocalPath10 = ..\\Presentation\u0020Compiler
		SccProjectUniqueName11 = ..\\Presentation\u0020Generator\\Presentation\u0020Generator.csproj
		SccProjectName11 = ../Presentation\u0020Generator
		SccLocalPath11 = ..\\Presentation\u0020Generator
		SccProjectUniqueName12 = ..\\Schema\u0020Scrubber\\Schema\u0020Scrubber.csproj
		SccProjectName12 = ../Schema\u0020Scrubber
		SccLocalPath12 = ..\\Schema\u0020Scrubber
		SccProjectUniqueName13 = ..\\Guardian\\Guardian\u0020Library\\Guardian\u0020Library.csproj
		SccProjectName13 = ../Guardian/Guardian\u0020Library
		SccLocalPath13 = ..\\Guardian\\Guardian\u0020Library
		SccProjectUniqueName14 = ..\\Message\u0020Library\\Message\u0020Library.csproj
		SccProjectName14 = ../Message\u0020Library
		SccLocalPath14 = ..\\Message\u0020Library
	EndGlobalSection
	GlobalSection(SolutionConfigurationPlatforms) = preSolution
		Debug|Any CPU = Debug|Any CPU
		Debug|x64 = Debug|x64
		Debug|x86 = Debug|x86
		Release|Any CPU = Release|Any CPU
		Release|x64 = Release|x64
		Release|x86 = Release|x86
	EndGlobalSection
	GlobalSection(ProjectConfigurationPlatforms) = postSolution
		{11AD479E-B83C-4611-AA96-0AF71289119D}.Debug|Any CPU.ActiveCfg = Debug|Any CPU
		{11AD479E-B83C-4611-AA96-0AF71289119D}.Debug|Any CPU.Build.0 = Debug|Any CPU
		{11AD479E-B83C-4611-AA96-0AF71289119D}.Debug|x64.ActiveCfg = Debug|x64
		{11AD479E-B83C-4611-AA96-0AF71289119D}.Debug|x64.Build.0 = Debug|x64
		{11AD479E-B83C-4611-AA96-0AF71289119D}.Debug|x86.ActiveCfg = Debug|x86
		{11AD479E-B83C-4611-AA96-0AF71289119D}.Debug|x86.Build.0 = Debug|x86
		{11AD479E-B83C-4611-AA96-0AF71289119D}.Release|Any CPU.ActiveCfg = Release|Any CPU
		{11AD479E-B83C-4611-AA96-0AF71289119D}.Release|Any CPU.Build.0 = Release|Any CPU
		{11AD479E-B83C-4611-AA96-0AF71289119D}.Release|x64.ActiveCfg = Release|x64
		{11AD479E-B83C-4611-AA96-0AF71289119D}.Release|x64.Build.0 = Release|x64
		{11AD479E-B83C-4611-AA96-0AF71289119D}.Release|x86.ActiveCfg = Release|x86
		{11AD479E-B83C-4611-AA96-0AF71289119D}.Release|x86.Build.0 = Release|x86
		{802A4EA9-104F-4A13-9FE9-35BF76A7CC7F}.Debug|Any CPU.ActiveCfg = Debug|Any CPU
		{802A4EA9-104F-4A13-9FE9-35BF76A7CC7F}.Debug|Any CPU.Build.0 = Debug|Any CPU
		{802A4EA9-104F-4A13-9FE9-35BF76A7CC7F}.Debug|x64.ActiveCfg = Debug|x64
		{802A4EA9-104F-4A13-9FE9-35BF76A7CC7F}.Debug|x64.Build.0 = Debug|x64
		{802A4EA9-104F-4A13-9FE9-35BF76A7CC7F}.Debug|x86.ActiveCfg = Debug|x86
		{802A4EA9-104F-4A13-9FE9-35BF76A7CC7F}.Debug|x86.Build.0 = Debug|x86
		{802A4EA9-104F-4A13-9FE9-35BF76A7CC7F}.Release|Any CPU.ActiveCfg = Release|Any CPU
		{802A4EA9-104F-4A13-9FE9-35BF76A7CC7F}.Release|Any CPU.Build.0 = Release|Any CPU
		{802A4EA9-104F-4A13-9FE9-35BF76A7CC7F}.Release|x64.ActiveCfg = Release|x64
		{802A4EA9-104F-4A13-9FE9-35BF76A7CC7F}.Release|x64.Build.0 = Release|x64
		{802A4EA9-104F-4A13-9FE9-35BF76A7CC7F}.Release|x86.ActiveCfg = Release|x86
		{802A4EA9-104F-4A13-9FE9-35BF76A7CC7F}.Release|x86.Build.0 = Release|x86
		{D798EBF4-2086-4DDD-BB30-EFDEF3BBF0C2}.Debug|Any CPU.ActiveCfg = Debug|Any CPU
		{D798EBF4-2086-4DDD-BB30-EFDEF3BBF0C2}.Debug|Any CPU.Build.0 = Debug|Any CPU
		{D798EBF4-2086-4DDD-BB30-EFDEF3BBF0C2}.Debug|x64.ActiveCfg = Debug|x64
		{D798EBF4-2086-4DDD-BB30-EFDEF3BBF0C2}.Debug|x64.Build.0 = Debug|x64
		{D798EBF4-2086-4DDD-BB30-EFDEF3BBF0C2}.Debug|x86.ActiveCfg = Debug|x86
		{D798EBF4-2086-4DDD-BB30-EFDEF3BBF0C2}.Debug|x86.Build.0 = Debug|x86
		{D798EBF4-2086-4DDD-BB30-EFDEF3BBF0C2}.Release|Any CPU.ActiveCfg = Release|Any CPU
		{D798EBF4-2086-4DDD-BB30-EFDEF3BBF0C2}.Release|Any CPU.Build.0 = Release|Any CPU
		{D798EBF4-2086-4DDD-BB30-EFDEF3BBF0C2}.Release|x64.ActiveCfg = Release|x64
		{D798EBF4-2086-4DDD-BB30-EFDEF3BBF0C2}.Release|x64.Build.0 = Release|x64
		{D798EBF4-2086-4DDD-BB30-EFDEF3BBF0C2}.Release|x86.ActiveCfg = Release|x86
		{D798EBF4-2086-4DDD-BB30-EFDEF3BBF0C2}.Release|x86.Build.0 = Release|x86
		{94C76290-F15D-4DD5-9651-6EEC2A896D1C}.Debug|Any CPU.ActiveCfg = Debug|Any CPU
		{94C76290-F15D-4DD5-9651-6EEC2A896D1C}.Debug|Any CPU.Build.0 = Debug|Any CPU
		{94C76290-F15D-4DD5-9651-6EEC2A896D1C}.Debug|x64.ActiveCfg = Debug|x64
		{94C76290-F15D-4DD5-9651-6EEC2A896D1C}.Debug|x64.Build.0 = Debug|x64
		{94C76290-F15D-4DD5-9651-6EEC2A896D1C}.Debug|x86.ActiveCfg = Debug|x86
		{94C76290-F15D-4DD5-9651-6EEC2A896D1C}.Debug|x86.Build.0 = Debug|x86
		{94C76290-F15D-4DD5-9651-6EEC2A896D1C}.Release|Any CPU.ActiveCfg = Release|Any CPU
		{94C76290-F15D-4DD5-9651-6EEC2A896D1C}.Release|Any CPU.Build.0 = Release|Any CPU
		{94C76290-F15D-4DD5-9651-6EEC2A896D1C}.Release|x64.ActiveCfg = Release|x64
		{94C76290-F15D-4DD5-9651-6EEC2A896D1C}.Release|x64.Build.0 = Release|x64
		{94C76290-F15D-4DD5-9651-6EEC2A896D1C}.Release|x86.ActiveCfg = Release|x86
		{94C76290-F15D-4DD5-9651-6EEC2A896D1C}.Release|x86.Build.0 = Release|x86
		{A930A413-04BB-4AB2-AB39-B44633335CBE}.Debug|Any CPU.ActiveCfg = Debug|Any CPU
		{A930A413-04BB-4AB2-AB39-B44633335CBE}.Debug|Any CPU.Build.0 = Debug|Any CPU
		{A930A413-04BB-4AB2-AB39-B44633335CBE}.Debug|x64.ActiveCfg = Debug|x64
		{A930A413-04BB-4AB2-AB39-B44633335CBE}.Debug|x64.Build.0 = Debug|x64
		{A930A413-04BB-4AB2-AB39-B44633335CBE}.Debug|x86.ActiveCfg = Debug|x86
		{A930A413-04BB-4AB2-AB39-B44633335CBE}.Debug|x86.Build.0 = Debug|x86
		{A930A413-04BB-4AB2-AB39-B44633335CBE}.Release|Any CPU.ActiveCfg = Release|Any CPU
		{A930A413-04BB-4AB2-AB39-B44633335CBE}.Release|Any CPU.Build.0 = Release|Any CPU
		{A930A413-04BB-4AB2-AB39-B44633335CBE}.Release|x64.ActiveCfg = Release|x64
		{A930A413-04BB-4AB2-AB39-B44633335CBE}.Release|x64.Build.0 = Release|x64
		{A930A413-04BB-4AB2-AB39-B44633335CBE}.Release|x86.ActiveCfg = Release|x86
		{A930A413-04BB-4AB2-AB39-B44633335CBE}.Release|x86.Build.0 = Release|x86
		{734051D9-B2A3-44E9-A88B-7B4FDB90109F}.Debug|Any CPU.ActiveCfg = Debug|Any CPU
		{734051D9-B2A3-44E9-A88B-7B4FDB90109F}.Debug|Any CPU.Build.0 = Debug|Any CPU
		{734051D9-B2A3-44E9-A88B-7B4FDB90109F}.Debug|x64.ActiveCfg = Debug|x64
		{734051D9-B2A3-44E9-A88B-7B4FDB90109F}.Debug|x64.Build.0 = Debug|x64
		{734051D9-B2A3-44E9-A88B-7B4FDB90109F}.Debug|x86.ActiveCfg = Debug|x86
		{734051D9-B2A3-44E9-A88B-7B4FDB90109F}.Debug|x86.Build.0 = Debug|x86
		{734051D9-B2A3-44E9-A88B-7B4FDB90109F}.Release|Any CPU.ActiveCfg = Release|Any CPU
		{734051D9-B2A3-44E9-A88B-7B4FDB90109F}.Release|Any CPU.Build.0 = Release|Any CPU
		{734051D9-B2A3-44E9-A88B-7B4FDB90109F}.Release|x64.ActiveCfg = Release|x64
		{734051D9-B2A3-44E9-A88B-7B4FDB90109F}.Release|x64.Build.0 = Release|x64
		{734051D9-B2A3-44E9-A88B-7B4FDB90109F}.Release|x86.ActiveCfg = Release|x86
		{734051D9-B2A3-44E9-A88B-7B4FDB90109F}.Release|x86.Build.0 = Release|x86
		{C83797E1-A4D2-486B-B12D-A39FFE8C8031}.Debug|Any CPU.ActiveCfg = Debug|Any CPU
		{C83797E1-A4D2-486B-B12D-A39FFE8C8031}.Debug|Any CPU.Build.0 = Debug|Any CPU
		{C83797E1-A4D2-486B-B12D-A39FFE8C8031}.Debug|x64.ActiveCfg = Debug|x64
		{C83797E1-A4D2-486B-B12D-A39FFE8C8031}.Debug|x64.Build.0 = Debug|x64
		{C83797E1-A4D2-486B-B12D-A39FFE8C8031}.Debug|x86.ActiveCfg = Debug|x86
		{C83797E1-A4D2-486B-B12D-A39FFE8C8031}.Debug|x86.Build.0 = Debug|x86
		{C83797E1-A4D2-486B-B12D-A39FFE8C8031}.Release|Any CPU.ActiveCfg = Release|Any CPU
		{C83797E1-A4D2-486B-B12D-A39FFE8C8031}.Release|Any CPU.Build.0 = Release|Any CPU
		{C83797E1-A4D2-486B-B12D-A39FFE8C8031}.Release|x64.ActiveCfg = Release|x64
		{C83797E1-A4D2-486B-B12D-A39FFE8C8031}.Release|x64.Build.0 = Release|x64
		{C83797E1-A4D2-486B-B12D-A39FFE8C8031}.Release|x86.ActiveCfg = Release|x86
		{C83797E1-A4D2-486B-B12D-A39FFE8C8031}.Release|x86.Build.0 = Release|x86
		{D0267087-ADD8-41B8-A030-215D40A68FE5}.Debug|Any CPU.ActiveCfg = Debug|Any CPU
		{D0267087-ADD8-41B8-A030-215D40A68FE5}.Debug|Any CPU.Build.0 = Debug|Any CPU
		{D0267087-ADD8-41B8-A030-215D40A68FE5}.Debug|x64.ActiveCfg = Debug|x64
		{D0267087-ADD8-41B8-A030-215D40A68FE5}.Debug|x64.Build.0 = Debug|x64
		{D0267087-ADD8-41B8-A030-215D40A68FE5}.Debug|x86.ActiveCfg = Debug|x86
		{D0267087-ADD8-41B8-A030-215D40A68FE5}.Debug|x86.Build.0 = Debug|x86
		{D0267087-ADD8-41B8-A030-215D40A68FE5}.Release|Any CPU.ActiveCfg = Release|Any CPU
		{D0267087-ADD8-41B8-A030-215D40A68FE5}.Release|Any CPU.Build.0 = Release|Any CPU
		{D0267087-ADD8-41B8-A030-215D40A68FE5}.Release|x64.ActiveCfg = Release|x64
		{D0267087-ADD8-41B8-A030-215D40A68FE5}.Release|x64.Build.0 = Release|x64
		{D0267087-ADD8-41B8-A030-215D40A68FE5}.Release|x86.ActiveCfg = Release|x86
		{D0267087-ADD8-41B8-A030-215D40A68FE5}.Release|x86.Build.0 = Release|x86
		{E7327D77-02F9-4007-87C3-42A55AD2E8BD}.Debug|Any CPU.ActiveCfg = Debug|Any CPU
		{E7327D77-02F9-4007-87C3-42A55AD2E8BD}.Debug|Any CPU.Build.0 = Debug|Any CPU
		{E7327D77-02F9-4007-87C3-42A55AD2E8BD}.Debug|x64.ActiveCfg = Debug|x64
		{E7327D77-02F9-4007-87C3-42A55AD2E8BD}.Debug|x64.Build.0 = Debug|x64
		{E7327D77-02F9-4007-87C3-42A55AD2E8BD}.Debug|x86.ActiveCfg = Debug|x86
		{E7327D77-02F9-4007-87C3-42A55AD2E8BD}.Debug|x86.Build.0 = Debug|x86
		{E7327D77-02F9-4007-87C3-42A55AD2E8BD}.Release|Any CPU.ActiveCfg = Release|Any CPU
		{E7327D77-02F9-4007-87C3-42A55AD2E8BD}.Release|Any CPU.Build.0 = Release|Any CPU
		{E7327D77-02F9-4007-87C3-42A55AD2E8BD}.Release|x64.ActiveCfg = Release|x64
		{E7327D77-02F9-4007-87C3-42A55AD2E8BD}.Release|x64.Build.0 = Release|x64
		{E7327D77-02F9-4007-87C3-42A55AD2E8BD}.Release|x86.ActiveCfg = Release|x86
		{E7327D77-02F9-4007-87C3-42A55AD2E8BD}.Release|x86.Build.0 = Release|x86
		{205F52C4-289A-41FB-94BB-53FD6A2F5B0A}.Debug|Any CPU.ActiveCfg = Debug|Any CPU
		{205F52C4-289A-41FB-94BB-53FD6A2F5B0A}.Debug|Any CPU.Build.0 = Debug|Any CPU
		{205F52C4-289A-41FB-94BB-53FD6A2F5B0A}.Debug|x64.ActiveCfg = Debug|x64
		{205F52C4-289A-41FB-94BB-53FD6A2F5B0A}.Debug|x64.Build.0 = Debug|x64
		{205F52C4-289A-41FB-94BB-53FD6A2F5B0A}.Debug|x86.ActiveCfg = Debug|x86
		{205F52C4-289A-41FB-94BB-53FD6A2F5B0A}.Debug|x86.Build.0 = Debug|x86
		{205F52C4-289A-41FB-94BB-53FD6A2F5B0A}.Release|Any CPU.ActiveCfg = Release|Any CPU
		{205F52C4-289A-41FB-94BB-53FD6A2F5B0A}.Release|Any CPU.Build.0 = Release|Any CPU
		{205F52C4-289A-41FB-94BB-53FD6A2F5B0A}.Release|x64.ActiveCfg = Release|x64
		{205F52C4-289A-41FB-94BB-53FD6A2F5B0A}.Release|x64.Build.0 = Release|x64
		{205F52C4-289A-41FB-94BB-53FD6A2F5B0A}.Release|x86.ActiveCfg = Release|x86
		{205F52C4-289A-41FB-94BB-53FD6A2F5B0A}.Release|x86.Build.0 = Release|x86
		{E8A47D4C-7B54-475B-A9FF-8FE1BCFBC261}.Debug|Any CPU.ActiveCfg = Debug|Any CPU
		{E8A47D4C-7B54-475B-A9FF-8FE1BCFBC261}.Debug|Any CPU.Build.0 = Debug|Any CPU
		{E8A47D4C-7B54-475B-A9FF-8FE1BCFBC261}.Debug|x64.ActiveCfg = Debug|x64
		{E8A47D4C-7B54-475B-A9FF-8FE1BCFBC261}.Debug|x64.Build.0 = Debug|x64
		{E8A47D4C-7B54-475B-A9FF-8FE1BCFBC261}.Debug|x86.ActiveCfg = Debug|x86
		{E8A47D4C-7B54-475B-A9FF-8FE1BCFBC261}.Debug|x86.Build.0 = Debug|x86
		{E8A47D4C-7B54-475B-A9FF-8FE1BCFBC261}.Release|Any CPU.ActiveCfg = Release|Any CPU
		{E8A47D4C-7B54-475B-A9FF-8FE1BCFBC261}.Release|Any CPU.Build.0 = Release|Any CPU
		{E8A47D4C-7B54-475B-A9FF-8FE1BCFBC261}.Release|x64.ActiveCfg = Release|x64
		{E8A47D4C-7B54-475B-A9FF-8FE1BCFBC261}.Release|x64.Build.0 = Release|x64
		{E8A47D4C-7B54-475B-A9FF-8FE1BCFBC261}.Release|x86.ActiveCfg = Release|x86
		{E8A47D4C-7B54-475B-A9FF-8FE1BCFBC261}.Release|x86.Build.0 = Release|x86
		{9B061E6A-4690-417A-95D2-7242125DC16E}.Debug|Any CPU.ActiveCfg = Debug
		{9B061E6A-4690-417A-95D2-7242125DC16E}.Debug|x64.ActiveCfg = Debug
		{9B061E6A-4690-417A-95D2-7242125DC16E}.Debug|x64.Build.0 = Debug
		{9B061E6A-4690-417A-95D2-7242125DC16E}.Debug|x86.ActiveCfg = Debug
		{9B061E6A-4690-417A-95D2-7242125DC16E}.Debug|x86.Build.0 = Debug
		{9B061E6A-4690-417A-95D2-7242125DC16E}.Release|Any CPU.ActiveCfg = Release
		{9B061E6A-4690-417A-95D2-7242125DC16E}.Release|Any CPU.Build.0 = Release
		{9B061E6A-4690-417A-95D2-7242125DC16E}.Release|x64.ActiveCfg = Release
		{9B061E6A-4690-417A-95D2-7242125DC16E}.Release|x86.ActiveCfg = Release
		{EFBD8C4F-D582-456F-92B2-40839952F0C4}.Debug|Any CPU.ActiveCfg = Debug|Any CPU
		{EFBD8C4F-D582-456F-92B2-40839952F0C4}.Debug|Any CPU.Build.0 = Debug|Any CPU
		{EFBD8C4F-D582-456F-92B2-40839952F0C4}.Debug|x64.ActiveCfg = Debug|x64
		{EFBD8C4F-D582-456F-92B2-40839952F0C4}.Debug|x64.Build.0 = Debug|x64
		{EFBD8C4F-D582-456F-92B2-40839952F0C4}.Debug|x86.ActiveCfg = Debug|x86
		{EFBD8C4F-D582-456F-92B2-40839952F0C4}.Debug|x86.Build.0 = Debug|x86
		{EFBD8C4F-D582-456F-92B2-40839952F0C4}.Release|Any CPU.ActiveCfg = Release|Any CPU
		{EFBD8C4F-D582-456F-92B2-40839952F0C4}.Release|Any CPU.Build.0 = Release|Any CPU
		{EFBD8C4F-D582-456F-92B2-40839952F0C4}.Release|x64.ActiveCfg = Release|x64
		{EFBD8C4F-D582-456F-92B2-40839952F0C4}.Release|x64.Build.0 = Release|x64
		{EFBD8C4F-D582-456F-92B2-40839952F0C4}.Release|x86.ActiveCfg = Release|x86
		{EFBD8C4F-D582-456F-92B2-40839952F0C4}.Release|x86.Build.0 = Release|x86
		{D91752CC-EFBA-4E86-9F71-576499101E02}.Debug|Any CPU.ActiveCfg = Debug|Any CPU
		{D91752CC-EFBA-4E86-9F71-576499101E02}.Debug|Any CPU.Build.0 = Debug|Any CPU
		{D91752CC-EFBA-4E86-9F71-576499101E02}.Debug|x64.ActiveCfg = Debug|x64
		{D91752CC-EFBA-4E86-9F71-576499101E02}.Debug|x64.Build.0 = Debug|x64
		{D91752CC-EFBA-4E86-9F71-576499101E02}.Debug|x86.ActiveCfg = Debug|x86
		{D91752CC-EFBA-4E86-9F71-576499101E02}.Debug|x86.Build.0 = Debug|x86
		{D91752CC-EFBA-4E86-9F71-576499101E02}.Release|Any CPU.ActiveCfg = Release|Any CPU
		{D91752CC-EFBA-4E86-9F71-576499101E02}.Release|Any CPU.Build.0 = Release|Any CPU
		{D91752CC-EFBA-4E86-9F71-576499101E02}.Release|x64.ActiveCfg = Release|x64
		{D91752CC-EFBA-4E86-9F71-576499101E02}.Release|x64.Build.0 = Release|x64
		{D91752CC-EFBA-4E86-9F71-576499101E02}.Release|x86.ActiveCfg = Release|x86
		{D91752CC-EFBA-4E86-9F71-576499101E02}.Release|x86.Build.0 = Release|x86
	EndGlobalSection
	GlobalSection(SolutionProperties) = preSolution
		HideSolutionNode = FALSE
	EndGlobalSection
	GlobalSection(SubversionScc) = preSolution
		Svn-Managed = True
		Manager = AnkhSVN - Subversion Support for Visual Studio
	EndGlobalSection
EndGlobal
