
Microsoft Visual Studio Solution File, Format Version 10.00
# Visual Studio 2008
Project("{FAE04EC0-301F-11D3-BF4B-00C04F79EFBC}") = "Ping Service", "Ping Service.csproj", "{BD937436-C798-4F86-B3F5-D7587F1FEAEC}"
EndProject
Global
	GlobalSection(TeamFoundationVersionControl) = preSolution
		SccNumberOfProjects = 2
		SccEnterpriseProvider = {4CA58AB2-18FA-4F8D-95D4-32DDF27D184C}
		SccTeamFoundationServer = http://titania:8080/
		SccLocalPath0 = .
		SccProjectUniqueName1 = Ping\u0020Service.csproj
		SccLocalPath1 = .
	EndGlobalSection
	GlobalSection(SolutionConfigurationPlatforms) = preSolution
		Debug|Any CPU = Debug|Any CPU
		Release|Any CPU = Release|Any CPU
	EndGlobalSection
	GlobalSection(ProjectConfigurationPlatforms) = postSolution
		{BD937436-C798-4F86-B3F5-D7587F1FEAEC}.Debug|Any CPU.ActiveCfg = Debug|Any CPU
		{BD937436-C798-4F86-B3F5-D7587F1FEAEC}.Debug|Any CPU.Build.0 = Debug|Any CPU
		{BD937436-C798-4F86-B3F5-D7587F1FEAEC}.Release|Any CPU.ActiveCfg = Release|Any CPU
		{BD937436-C798-4F86-B3F5-D7587F1FEAEC}.Release|Any CPU.Build.0 = Release|Any CPU
	EndGlobalSection
	GlobalSection(SolutionProperties) = preSolution
		HideSolutionNode = FALSE
	EndGlobalSection
EndGlobal
